
Microsoft Visual Studio Solution File, Format Version 12.00
# Visual Studio Version 16
VisualStudioVersion = 16.0.30406.217
MinimumVisualStudioVersion = 10.0.40219.1
Project("{FAE04EC0-301F-11D3-BF4B-00C04F79EFBC}") = "Launcher", "Launcher\Launcher.csproj", "{C976D296-BCA1-4A79-9707-A48450873DB7}"
EndProject
Global
	GlobalSection(SolutionConfigurationPlatforms) = preSolution
		Debug|Any CPU = Debug|Any CPU
		Release|Any CPU = Release|Any CPU
	EndGlobalSection
	GlobalSection(ProjectConfigurationPlatforms) = postSolution
		{C976D296-BCA1-4A79-9707-A48450873DB7}.Debug|Any CPU.ActiveCfg = Debug|Any CPU
		{C976D296-BCA1-4A79-9707-A48450873DB7}.Debug|Any CPU.Build.0 = Debug|Any CPU
		{C976D296-BCA1-4A79-9707-A48450873DB7}.Release|Any CPU.ActiveCfg = Release|Any CPU
		{C976D296-BCA1-4A79-9707-A48450873DB7}.Release|Any CPU.Build.0 = Release|Any CPU
	EndGlobalSection
	GlobalSection(SolutionProperties) = preSolution
		HideSolutionNode = FALSE
	EndGlobalSection
	GlobalSection(ExtensibilityGlobals) = postSolution
		SolutionGuid = {2AAD9733-8BC9-44C1-9A02-A30E9419E30F}
	EndGlobalSection
EndGlobal
